
Microsoft Visual Studio Solution File, Format Version 12.00
# Visual Studio 15
VisualStudioVersion = 15.0.28307.168
MinimumVisualStudioVersion = 10.0.40219.1
Project("{FAE04EC0-301F-11D3-BF4B-00C04F79EFBC}") = "AutocadSurveyCommands", "AutocadSurveyCommands\AutocadSurveyCommands.csproj", "{CAF05273-B26E-48DA-AF05-014B727B1F66}"
EndProject
Global
	GlobalSection(SolutionConfigurationPlatforms) = preSolution
		Debug|Any CPU = Debug|Any CPU
		Release|Any CPU = Release|Any CPU
	EndGlobalSection
	GlobalSection(ProjectConfigurationPlatforms) = postSolution
		{CAF05273-B26E-48DA-AF05-014B727B1F66}.Debug|Any CPU.ActiveCfg = Debug|Any CPU
		{CAF05273-B26E-48DA-AF05-014B727B1F66}.Debug|Any CPU.Build.0 = Debug|Any CPU
		{CAF05273-B26E-48DA-AF05-014B727B1F66}.Release|Any CPU.ActiveCfg = Release|Any CPU
		{CAF05273-B26E-48DA-AF05-014B727B1F66}.Release|Any CPU.Build.0 = Release|Any CPU
	EndGlobalSection
	GlobalSection(SolutionProperties) = preSolution
		HideSolutionNode = FALSE
	EndGlobalSection
	GlobalSection(ExtensibilityGlobals) = postSolution
		SolutionGuid = {50552B4C-04CD-4180-96CD-8D824E74250E}
	EndGlobalSection
EndGlobal
